
Microsoft Visual Studio Solution File, Format Version 12.00
# Visual Studio Version 16
VisualStudioVersion = 16.0.30225.117
MinimumVisualStudioVersion = 10.0.40219.1
Project("{FAE04EC0-301F-11D3-BF4B-00C04F79EFBC}") = "RockPaperScissors", "RockPaperScissors\RockPaperScissors.csproj", "{822763AE-49C1-47C5-8077-B69948BFB8D9}"
EndProject
Global
	GlobalSection(SolutionConfigurationPlatforms) = preSolution
		Debug|Any CPU = Debug|Any CPU
		Release|Any CPU = Release|Any CPU
	EndGlobalSection
	GlobalSection(ProjectConfigurationPlatforms) = postSolution
		{822763AE-49C1-47C5-8077-B69948BFB8D9}.Debug|Any CPU.ActiveCfg = Debug|Any CPU
		{822763AE-49C1-47C5-8077-B69948BFB8D9}.Debug|Any CPU.Build.0 = Debug|Any CPU
		{822763AE-49C1-47C5-8077-B69948BFB8D9}.Release|Any CPU.ActiveCfg = Release|Any CPU
		{822763AE-49C1-47C5-8077-B69948BFB8D9}.Release|Any CPU.Build.0 = Release|Any CPU
	EndGlobalSection
	GlobalSection(SolutionProperties) = preSolution
		HideSolutionNode = FALSE
	EndGlobalSection
	GlobalSection(ExtensibilityGlobals) = postSolution
		SolutionGuid = {7C7E57D8-2C6B-4686-AC81-559DE1374131}
	EndGlobalSection
EndGlobal
